{
  "originHash" : "1c65b9644ba2db58d0477c27d0911dfb4d480a54dbef9367597cf59f96ea5f3a",
  "pins" : [
    {
      "identity" : "bigint",
      "kind" : "remoteSourceControl",
      "location" : "https://github.com/attaswift/BigInt",
      "state" : {
        "revision" : "e07e00fa1fd435143a2dcf8b7eec9a7710b2fdfe",
        "version" : "5.7.0"
      }
    },
    {
      "identity" : "bls-eth-swift",
      "kind" : "remoteSourceControl",
      "location" : "https://github.com/MyEtherWallet/bls-eth-swift",
      "state" : {
        "revision" : "d1e5e19f80aaee7c7ec8f28c92291abc5c0e840e",
        "version" : "1.0.1"
      }
    },
    {
      "identity" : "k1",
      "kind" : "remoteSourceControl",
      "location" : "https://github.com/Sajjon/K1",
      "state" : {
        "revision" : "c77e6c2bd23ec019b7ecf80b567f5eccbec59887",
        "version" : "0.6.0"
      }
    },
    {
      "identity" : "swiftkeccak",
      "kind" : "remoteSourceControl",
      "location" : "https://github.com/bitflying/SwiftKeccak",
      "state" : {
        "revision" : "5fc323d4b08a8c77cbb690505445b32a3b5a8aff",
        "version" : "0.1.2"
      }
    }
  ],
  "version" : 3
}
